
Microsoft Visual Studio Solution File, Format Version 12.00
# Visual Studio Version 16
VisualStudioVersion = 16.0.29519.181
MinimumVisualStudioVersion = 10.0.40219.1
Project("{FAE04EC0-301F-11D3-BF4B-00C04F79EFBC}") = "FinanceManagerSDK", "FinanceManagerSDK\FinanceManagerSDK.csproj", "{5EF8BCFE-A28F-48F7-926F-838A2ACCCC50}"
EndProject
Project("{FAE04EC0-301F-11D3-BF4B-00C04F79EFBC}") = "FinanceManagerClient", "FinanceManagerClient\FinanceManagerClient.csproj", "{F9FEEB3E-F338-4892-8C2E-195F0DA58159}"
EndProject
Global
	GlobalSection(SolutionConfigurationPlatforms) = preSolution
		Debug|Any CPU = Debug|Any CPU
		Release|Any CPU = Release|Any CPU
	EndGlobalSection
	GlobalSection(ProjectConfigurationPlatforms) = postSolution
		{5EF8BCFE-A28F-48F7-926F-838A2ACCCC50}.Debug|Any CPU.ActiveCfg = Debug|Any CPU
		{5EF8BCFE-A28F-48F7-926F-838A2ACCCC50}.Debug|Any CPU.Build.0 = Debug|Any CPU
		{5EF8BCFE-A28F-48F7-926F-838A2ACCCC50}.Release|Any CPU.ActiveCfg = Release|Any CPU
		{5EF8BCFE-A28F-48F7-926F-838A2ACCCC50}.Release|Any CPU.Build.0 = Release|Any CPU
		{F9FEEB3E-F338-4892-8C2E-195F0DA58159}.Debug|Any CPU.ActiveCfg = Debug|Any CPU
		{F9FEEB3E-F338-4892-8C2E-195F0DA58159}.Debug|Any CPU.Build.0 = Debug|Any CPU
		{F9FEEB3E-F338-4892-8C2E-195F0DA58159}.Release|Any CPU.ActiveCfg = Release|Any CPU
		{F9FEEB3E-F338-4892-8C2E-195F0DA58159}.Release|Any CPU.Build.0 = Release|Any CPU
	EndGlobalSection
	GlobalSection(SolutionProperties) = preSolution
		HideSolutionNode = FALSE
	EndGlobalSection
	GlobalSection(ExtensibilityGlobals) = postSolution
		SolutionGuid = {7C4942D9-D9D1-465F-A394-4C699F912B60}
	EndGlobalSection
EndGlobal
